
Microsoft Visual Studio Solution File, Format Version 12.00
# Visual Studio Version 16
VisualStudioVersion = 16.0.30717.126
MinimumVisualStudioVersion = 10.0.40219.1
Project("{9A19103F-16F7-4668-BE54-9A1E7A4F7556}") = "Actor", "Actor\Actor.csproj", "{8D1ACBA7-0A93-4C4D-9D4D-76A696DE7781}"
EndProject
Project("{9A19103F-16F7-4668-BE54-9A1E7A4F7556}") = "Actor.Client", "Actor.Client\Actor.Client.csproj", "{252A945F-1F68-4AD4-8B60-4E3B9C93B63B}"
EndProject
Project("{9A19103F-16F7-4668-BE54-9A1E7A4F7556}") = "Actor.Web", "Actor.Web\Actor.Web.csproj", "{CA17909F-3183-4D28-BBB7-88CF4E7F6DC2}"
EndProject
Project("{9A19103F-16F7-4668-BE54-9A1E7A4F7556}") = "Actor.Contract", "Actor.Contract\Actor.Contract.csproj", "{94E14E15-223E-412F-A7B4-DA7005464F32}"
EndProject
Project("{FAE04EC0-301F-11D3-BF4B-00C04F79EFBC}") = "Actor.Web2", "Actor.Web2\Actor.Web2.csproj", "{18EDD5D6-5A27-4AD1-9894-AB5EDBCEB283}"
EndProject
Global
	GlobalSection(SolutionConfigurationPlatforms) = preSolution
		Debug|Any CPU = Debug|Any CPU
		Release|Any CPU = Release|Any CPU
	EndGlobalSection
	GlobalSection(ProjectConfigurationPlatforms) = postSolution
		{8D1ACBA7-0A93-4C4D-9D4D-76A696DE7781}.Debug|Any CPU.ActiveCfg = Debug|Any CPU
		{8D1ACBA7-0A93-4C4D-9D4D-76A696DE7781}.Debug|Any CPU.Build.0 = Debug|Any CPU
		{8D1ACBA7-0A93-4C4D-9D4D-76A696DE7781}.Release|Any CPU.ActiveCfg = Release|Any CPU
		{8D1ACBA7-0A93-4C4D-9D4D-76A696DE7781}.Release|Any CPU.Build.0 = Release|Any CPU
		{252A945F-1F68-4AD4-8B60-4E3B9C93B63B}.Debug|Any CPU.ActiveCfg = Debug|Any CPU
		{252A945F-1F68-4AD4-8B60-4E3B9C93B63B}.Debug|Any CPU.Build.0 = Debug|Any CPU
		{252A945F-1F68-4AD4-8B60-4E3B9C93B63B}.Release|Any CPU.ActiveCfg = Release|Any CPU
		{252A945F-1F68-4AD4-8B60-4E3B9C93B63B}.Release|Any CPU.Build.0 = Release|Any CPU
		{CA17909F-3183-4D28-BBB7-88CF4E7F6DC2}.Debug|Any CPU.ActiveCfg = Debug|Any CPU
		{CA17909F-3183-4D28-BBB7-88CF4E7F6DC2}.Debug|Any CPU.Build.0 = Debug|Any CPU
		{CA17909F-3183-4D28-BBB7-88CF4E7F6DC2}.Release|Any CPU.ActiveCfg = Release|Any CPU
		{CA17909F-3183-4D28-BBB7-88CF4E7F6DC2}.Release|Any CPU.Build.0 = Release|Any CPU
		{94E14E15-223E-412F-A7B4-DA7005464F32}.Debug|Any CPU.ActiveCfg = Debug|Any CPU
		{94E14E15-223E-412F-A7B4-DA7005464F32}.Debug|Any CPU.Build.0 = Debug|Any CPU
		{94E14E15-223E-412F-A7B4-DA7005464F32}.Release|Any CPU.ActiveCfg = Release|Any CPU
		{94E14E15-223E-412F-A7B4-DA7005464F32}.Release|Any CPU.Build.0 = Release|Any CPU
		{18EDD5D6-5A27-4AD1-9894-AB5EDBCEB283}.Debug|Any CPU.ActiveCfg = Debug|Any CPU
		{18EDD5D6-5A27-4AD1-9894-AB5EDBCEB283}.Debug|Any CPU.Build.0 = Debug|Any CPU
		{18EDD5D6-5A27-4AD1-9894-AB5EDBCEB283}.Release|Any CPU.ActiveCfg = Release|Any CPU
		{18EDD5D6-5A27-4AD1-9894-AB5EDBCEB283}.Release|Any CPU.Build.0 = Release|Any CPU
	EndGlobalSection
	GlobalSection(SolutionProperties) = preSolution
		HideSolutionNode = FALSE
	EndGlobalSection
	GlobalSection(ExtensibilityGlobals) = postSolution
		SolutionGuid = {DCCE38E8-E674-49D0-AFCA-87CC89A90A04}
	EndGlobalSection
EndGlobal
